{
  "projects": [
    {
      "projectId": "9Vr5YWkf3w7jj6SsTcCEta",
      "version": "0.11.0",
      "dependencies": {},
      "lang": "js",
      "fileLocks": [
        {
          "assetId": "9Vr5YWkf3w7jj6SsTcCEta",
          "type": "projectCss",
          "checksum": "e1ec850476829c38b0f9b6d4f7ac446a"
        }
      ],
      "codegenVersion": "0.0.1"
    },
    {
      "projectId": "jkU633o1Cz7HrJdwdxhVHk",
      "version": "16.11.0",
      "dependencies": {},
      "lang": "js",
      "fileLocks": [
        {
          "assetId": "jkU633o1Cz7HrJdwdxhVHk",
          "type": "projectCss",
          "checksum": "0581d4378bb1604bb5fe3f65bb0a37de"
        }
      ],
      "codegenVersion": "0.0.1"
    },
    {
      "projectId": "kS7YGZfVr6mU43XDQjXELc",
      "version": "0.16.0",
      "dependencies": {},
      "lang": "js",
      "fileLocks": [
        {
          "assetId": "kS7YGZfVr6mU43XDQjXELc",
          "type": "projectCss",
          "checksum": "e1ec850476829c38b0f9b6d4f7ac446a"
        }
      ],
      "codegenVersion": "0.0.1"
    },
    {
      "projectId": "ohDidvG9XsCeFumugENU3J",
      "version": "6.26.0",
      "dependencies": {},
      "lang": "js",
      "fileLocks": [
        {
          "assetId": "ohDidvG9XsCeFumugENU3J",
          "type": "projectCss",
          "checksum": "fd83b730367fdbde2c69bc6cf31c2a3c"
        },
        {
          "assetId": "ohDidvG9XsCeFumugENU3J",
          "checksum": "de0a0e65174a6a185a8f822af51c6bdd",
          "type": "globalContexts"
        }
      ],
      "codegenVersion": "0.0.1"
    },
    {
      "projectId": "8E2qDFGZX1FNzv6rDU5dMM",
      "version": "latest",
      "dependencies": {
        "ohDidvG9XsCeFumugENU3J": "6.26.0",
        "kS7YGZfVr6mU43XDQjXELc": "0.16.0",
        "jkU633o1Cz7HrJdwdxhVHk": "16.11.0",
        "9Vr5YWkf3w7jj6SsTcCEta": "0.11.0"
      },
      "lang": "js",
      "fileLocks": [
        {
          "type": "globalVariant",
          "assetId": "K32bB-SRxE4d",
          "checksum": "7a87a4cd5d423a6dfd5818c86f163d7d"
        },
        {
          "assetId": "8E2qDFGZX1FNzv6rDU5dMM",
          "type": "projectCss",
          "checksum": "5188e7d2ddbfdf38e6c09f269d88b731"
        },
        {
          "assetId": "8E2qDFGZX1FNzv6rDU5dMM",
          "checksum": "81b8c098bc0cb2a7841545be0c59a5ad",
          "type": "globalContexts"
        },
        {
          "type": "renderModule",
          "assetId": "XqgOYaJ0lm39",
          "checksum": "8c7c3970d3638268b75abab4c7837251"
        },
        {
          "type": "cssRules",
          "assetId": "XqgOYaJ0lm39",
          "checksum": "8c7c3970d3638268b75abab4c7837251"
        },
        {
          "type": "renderModule",
          "assetId": "1Pbq4-EDcVFd",
          "checksum": "399eb1226491a9bb84320ded0f7a5cf0"
        },
        {
          "type": "cssRules",
          "assetId": "1Pbq4-EDcVFd",
          "checksum": "399eb1226491a9bb84320ded0f7a5cf0"
        },
        {
          "type": "renderModule",
          "assetId": "3Qq15DvoZHcJ",
          "checksum": "29b22f9619d96637207a3e34af66a876"
        },
        {
          "type": "cssRules",
          "assetId": "3Qq15DvoZHcJ",
          "checksum": "29b22f9619d96637207a3e34af66a876"
        },
        {
          "type": "renderModule",
          "assetId": "YXMxZg32Gkav",
          "checksum": "328bc02123082d1f6ad9a05fedca69bd"
        },
        {
          "type": "cssRules",
          "assetId": "YXMxZg32Gkav",
          "checksum": "328bc02123082d1f6ad9a05fedca69bd"
        },
        {
          "type": "renderModule",
          "assetId": "uVNJ9QU5y2Nl",
          "checksum": "7945ed49bacb811f2202b40a1fc84c65"
        },
        {
          "type": "cssRules",
          "assetId": "uVNJ9QU5y2Nl",
          "checksum": "7945ed49bacb811f2202b40a1fc84c65"
        },
        {
          "type": "renderModule",
          "assetId": "fj_-fM07xuP9",
          "checksum": "e902ad0c5ab9c575f5abc02300b1de46"
        },
        {
          "type": "cssRules",
          "assetId": "fj_-fM07xuP9",
          "checksum": "e902ad0c5ab9c575f5abc02300b1de46"
        },
        {
          "type": "renderModule",
          "assetId": "c3bA-u5T0odN",
          "checksum": "9ba6eb75e6e1d2cff8eba08e1e0a7390"
        },
        {
          "type": "cssRules",
          "assetId": "c3bA-u5T0odN",
          "checksum": "9ba6eb75e6e1d2cff8eba08e1e0a7390"
        },
        {
          "type": "renderModule",
          "assetId": "Bky2rnZRoBFo",
          "checksum": "fa571361b0d1b39747a70d36390cbd4b"
        },
        {
          "type": "cssRules",
          "assetId": "Bky2rnZRoBFo",
          "checksum": "fa571361b0d1b39747a70d36390cbd4b"
        },
        {
          "type": "renderModule",
          "assetId": "nuvcWWnzr597",
          "checksum": "cb0dd156abbc092ce284c4f438bf088e"
        },
        {
          "type": "cssRules",
          "assetId": "nuvcWWnzr597",
          "checksum": "cb0dd156abbc092ce284c4f438bf088e"
        },
        {
          "type": "renderModule",
          "assetId": "5lu_uvlaoUBh",
          "checksum": "75bbb104add36abbbcf305f808c232bc"
        },
        {
          "type": "cssRules",
          "assetId": "5lu_uvlaoUBh",
          "checksum": "75bbb104add36abbbcf305f808c232bc"
        },
        {
          "type": "renderModule",
          "assetId": "5skJmfMn0N-t",
          "checksum": "99d4ae900cfab0da4853cb9f2541593c"
        },
        {
          "type": "cssRules",
          "assetId": "5skJmfMn0N-t",
          "checksum": "99d4ae900cfab0da4853cb9f2541593c"
        },
        {
          "type": "renderModule",
          "assetId": "JM53y4BoIh4L",
          "checksum": "b990a5eb718498b9b52d01989556f5ad"
        },
        {
          "type": "cssRules",
          "assetId": "JM53y4BoIh4L",
          "checksum": "b990a5eb718498b9b52d01989556f5ad"
        },
        {
          "type": "icon",
          "assetId": "CBjhNt-oYcZ0",
          "checksum": "ad9b043f5724851e6c1bb8b8001731da"
        },
        {
          "type": "icon",
          "assetId": "pqJErfhISBnM",
          "checksum": "88866999f3e67bd0b83b5035e6db4416"
        },
        {
          "type": "icon",
          "assetId": "IoshLaGk13RA",
          "checksum": "0fd9abbd54b039b62d93a468f91e7e72"
        },
        {
          "type": "icon",
          "assetId": "hqUc1diRPLTA",
          "checksum": "5f547db7811e226aa894d271157e401f"
        },
        {
          "type": "icon",
          "assetId": "L-VZIR0pHD7g",
          "checksum": "d191c85e0b918982b7bebd3dae9ab786"
        },
        {
          "type": "icon",
          "assetId": "-HxVHxGcnd6L",
          "checksum": "eadf236780c668c03931ce5c9b68bd4a"
        },
        {
          "type": "icon",
          "assetId": "VwXixAk_blwA",
          "checksum": "54447e586191c1103fa2d8ec412e28d0"
        },
        {
          "type": "icon",
          "assetId": "4dFlhlrtkKif",
          "checksum": "7ca070224e30e9bf18a01b35c9978ae3"
        },
        {
          "type": "icon",
          "assetId": "NRjxYj_p_lyS",
          "checksum": "2cf0c538da5860c96a834d4f2cc0959a"
        },
        {
          "type": "image",
          "assetId": "_DIMG-AGzGbN",
          "checksum": "dbf46f8edf8542537e28d4c7b2292aa2"
        }
      ],
      "codegenVersion": "0.0.1"
    }
  ],
  "cliVersion": "0.1.334"
}
